// !$*UTF8*$!
{
	archiveVersion = 1;
	classes = {
	};
	objectVersion = 56;
	objects = {

/* Begin PBXBuildFile section */
		476E37332A0B1AC700EDA252 /* Ext-CalcView-Functions.swift in Sources */ = {isa = PBXBuildFile; fileRef = 476E37322A0B1AC700EDA252 /* Ext-CalcView-Functions.swift */; };
		476E373A2A0BF2E300EDA252 /* Buttons.swift in Sources */ = {isa = PBXBuildFile; fileRef = 476E37392A0BF2E300EDA252 /* Buttons.swift */; };
		476E373C2A0BF79C00EDA252 /* Stacks.swift in Sources */ = {isa = PBXBuildFile; fileRef = 476E373B2A0BF79C00EDA252 /* Stacks.swift */; };
		47A7109C2A07D2F600F806C3 /* AppDelegate.swift in Sources */ = {isa = PBXBuildFile; fileRef = 47A7109B2A07D2F600F806C3 /* AppDelegate.swift */; };
		47A7109E2A07D2F600F806C3 /* SceneDelegate.swift in Sources */ = {isa = PBXBuildFile; fileRef = 47A7109D2A07D2F600F806C3 /* SceneDelegate.swift */; };
		47A710A52A07D2F600F806C3 /* Assets.xcassets in Resources */ = {isa = PBXBuildFile; fileRef = 47A710A42A07D2F600F806C3 /* Assets.xcassets */; };
		47A710A82A07D2F600F806C3 /* LaunchScreen.storyboard in Resources */ = {isa = PBXBuildFile; fileRef = 47A710A62A07D2F600F806C3 /* LaunchScreen.storyboard */; };
		47A710B02A07D3A000F806C3 /* CalculatorView.swift in Sources */ = {isa = PBXBuildFile; fileRef = 47A710AF2A07D3A000F806C3 /* CalculatorView.swift */; };
		47A710B22A093F8100F806C3 /* Notes in Resources */ = {isa = PBXBuildFile; fileRef = 47A710B12A093F8100F806C3 /* Notes */; };
		47A710B42A09685F00F806C3 /* working buttons and stackViews in Resources */ = {isa = PBXBuildFile; fileRef = 47A710B32A09685F00F806C3 /* working buttons and stackViews */; };
		47A710D62A097EE400F806C3 /* ContentHugging-CompressionResistance in Resources */ = {isa = PBXBuildFile; fileRef = 47A710D52A097EE400F806C3 /* ContentHugging-CompressionResistance */; };
		47A710D82A0995B300F806C3 /* functions for layouts in Resources */ = {isa = PBXBuildFile; fileRef = 47A710D72A0995B200F806C3 /* functions for layouts */; };
/* End PBXBuildFile section */

/* Begin PBXFileReference section */
		476E37322A0B1AC700EDA252 /* Ext-CalcView-Functions.swift */ = {isa = PBXFileReference; lastKnownFileType = sourcecode.swift; path = "Ext-CalcView-Functions.swift"; sourceTree = "<group>"; };
		476E37392A0BF2E300EDA252 /* Buttons.swift */ = {isa = PBXFileReference; lastKnownFileType = sourcecode.swift; path = Buttons.swift; sourceTree = "<group>"; };
		476E373B2A0BF79C00EDA252 /* Stacks.swift */ = {isa = PBXFileReference; lastKnownFileType = sourcecode.swift; path = Stacks.swift; sourceTree = "<group>"; };
		47A710982A07D2F600F806C3 /* Programmatic_Calculator.app */ = {isa = PBXFileReference; explicitFileType = wrapper.application; includeInIndex = 0; path = Programmatic_Calculator.app; sourceTree = BUILT_PRODUCTS_DIR; };
		47A7109B2A07D2F600F806C3 /* AppDelegate.swift */ = {isa = PBXFileReference; lastKnownFileType = sourcecode.swift; path = AppDelegate.swift; sourceTree = "<group>"; };
		47A7109D2A07D2F600F806C3 /* SceneDelegate.swift */ = {isa = PBXFileReference; lastKnownFileType = sourcecode.swift; path = SceneDelegate.swift; sourceTree = "<group>"; };
		47A710A42A07D2F600F806C3 /* Assets.xcassets */ = {isa = PBXFileReference; lastKnownFileType = folder.assetcatalog; path = Assets.xcassets; sourceTree = "<group>"; };
		47A710A72A07D2F600F806C3 /* Base */ = {isa = PBXFileReference; lastKnownFileType = file.storyboard; name = Base; path = Base.lproj/LaunchScreen.storyboard; sourceTree = "<group>"; };
		47A710A92A07D2F600F806C3 /* Info.plist */ = {isa = PBXFileReference; lastKnownFileType = text.plist.xml; path = Info.plist; sourceTree = "<group>"; };
		47A710AF2A07D3A000F806C3 /* CalculatorView.swift */ = {isa = PBXFileReference; lastKnownFileType = sourcecode.swift; path = CalculatorView.swift; sourceTree = "<group>"; };
		47A710B12A093F8100F806C3 /* Notes */ = {isa = PBXFileReference; lastKnownFileType = text; path = Notes; sourceTree = "<group>"; };
		47A710B32A09685F00F806C3 /* working buttons and stackViews */ = {isa = PBXFileReference; lastKnownFileType = text; path = "working buttons and stackViews"; sourceTree = "<group>"; };
		47A710D52A097EE400F806C3 /* ContentHugging-CompressionResistance */ = {isa = PBXFileReference; lastKnownFileType = text; path = "ContentHugging-CompressionResistance"; sourceTree = "<group>"; };
		47A710D72A0995B200F806C3 /* functions for layouts */ = {isa = PBXFileReference; lastKnownFileType = text; path = "functions for layouts"; sourceTree = "<group>"; };
/* End PBXFileReference section */

/* Begin PBXFrameworksBuildPhase section */
		47A710952A07D2F600F806C3 /* Frameworks */ = {
			isa = PBXFrameworksBuildPhase;
			buildActionMask = 2147483647;
			files = (
			);
			runOnlyForDeploymentPostprocessing = 0;
		};
/* End PBXFrameworksBuildPhase section */

/* Begin PBXGroup section */
		476E37362A0B1B5700EDA252 /* Model */ = {
			isa = PBXGroup;
			children = (
				476E37392A0BF2E300EDA252 /* Buttons.swift */,
				476E373B2A0BF79C00EDA252 /* Stacks.swift */,
			);
			path = Model;
			sourceTree = "<group>";
		};
		476E37372A0B1B6300EDA252 /* View */ = {
			isa = PBXGroup;
			children = (
				47A710AF2A07D3A000F806C3 /* CalculatorView.swift */,
			);
			path = View;
			sourceTree = "<group>";
		};
		476E37382A0B1B8000EDA252 /* Controller */ = {
			isa = PBXGroup;
			children = (
				476E37322A0B1AC700EDA252 /* Ext-CalcView-Functions.swift */,
			);
			path = Controller;
			sourceTree = "<group>";
		};
		47A7108F2A07D2F600F806C3 = {
			isa = PBXGroup;
			children = (
				47A7109A2A07D2F600F806C3 /* Programmatic_Calculator */,
				47A710992A07D2F600F806C3 /* Products */,
			);
			sourceTree = "<group>";
		};
		47A710992A07D2F600F806C3 /* Products */ = {
			isa = PBXGroup;
			children = (
				47A710982A07D2F600F806C3 /* Programmatic_Calculator.app */,
			);
			name = Products;
			sourceTree = "<group>";
		};
		47A7109A2A07D2F600F806C3 /* Programmatic_Calculator */ = {
			isa = PBXGroup;
			children = (
				47A7109B2A07D2F600F806C3 /* AppDelegate.swift */,
				47A7109D2A07D2F600F806C3 /* SceneDelegate.swift */,
				476E37362A0B1B5700EDA252 /* Model */,
				476E37372A0B1B6300EDA252 /* View */,
				476E37382A0B1B8000EDA252 /* Controller */,
				47A710D52A097EE400F806C3 /* ContentHugging-CompressionResistance */,
				47A710B12A093F8100F806C3 /* Notes */,
				47A710D72A0995B200F806C3 /* functions for layouts */,
				47A710B32A09685F00F806C3 /* working buttons and stackViews */,
				47A710A42A07D2F600F806C3 /* Assets.xcassets */,
				47A710A62A07D2F600F806C3 /* LaunchScreen.storyboard */,
				47A710A92A07D2F600F806C3 /* Info.plist */,
			);
			path = Programmatic_Calculator;
			sourceTree = "<group>";
		};
/* End PBXGroup section */

/* Begin PBXNativeTarget section */
		47A710972A07D2F600F806C3 /* Programmatic_Calculator */ = {
			isa = PBXNativeTarget;
			buildConfigurationList = 47A710AC2A07D2F600F806C3 /* Build configuration list for PBXNativeTarget "Programmatic_Calculator" */;
			buildPhases = (
				47A710942A07D2F600F806C3 /* Sources */,
				47A710952A07D2F600F806C3 /* Frameworks */,
				47A710962A07D2F600F806C3 /* Resources */,
			);
			buildRules = (
			);
			dependencies = (
			);
			name = Programmatic_Calculator;
			productName = Programmatic_Calculator;
			productReference = 47A710982A07D2F600F806C3 /* Programmatic_Calculator.app */;
			productType = "com.apple.product-type.application";
		};
/* End PBXNativeTarget section */

/* Begin PBXProject section */
		47A710902A07D2F600F806C3 /* Project object */ = {
			isa = PBXProject;
			attributes = {
				BuildIndependentTargetsInParallel = 1;
				LastSwiftUpdateCheck = 1430;
				LastUpgradeCheck = 1430;
				TargetAttributes = {
					47A710972A07D2F600F806C3 = {
						CreatedOnToolsVersion = 14.3;
					};
				};
			};
			buildConfigurationList = 47A710932A07D2F600F806C3 /* Build configuration list for PBXProject "Programmatic_Calculator" */;
			compatibilityVersion = "Xcode 14.0";
			developmentRegion = en;
			hasScannedForEncodings = 0;
			knownRegions = (
				en,
				Base,
			);
			mainGroup = 47A7108F2A07D2F600F806C3;
			productRefGroup = 47A710992A07D2F600F806C3 /* Products */;
			projectDirPath = "";
			projectRoot = "";
			targets = (
				47A710972A07D2F600F806C3 /* Programmatic_Calculator */,
			);
		};
/* End PBXProject section */

/* Begin PBXResourcesBuildPhase section */
		47A710962A07D2F600F806C3 /* Resources */ = {
			isa = PBXResourcesBuildPhase;
			buildActionMask = 2147483647;
			files = (
				47A710B22A093F8100F806C3 /* Notes in Resources */,
				47A710B42A09685F00F806C3 /* working buttons and stackViews in Resources */,
				47A710A82A07D2F600F806C3 /* LaunchScreen.storyboard in Resources */,
				47A710A52A07D2F600F806C3 /* Assets.xcassets in Resources */,
				47A710D82A0995B300F806C3 /* functions for layouts in Resources */,
				47A710D62A097EE400F806C3 /* ContentHugging-CompressionResistance in Resources */,
			);
			runOnlyForDeploymentPostprocessing = 0;
		};
/* End PBXResourcesBuildPhase section */

/* Begin PBXSourcesBuildPhase section */
		47A710942A07D2F600F806C3 /* Sources */ = {
			isa = PBXSourcesBuildPhase;
			buildActionMask = 2147483647;
			files = (
				476E373C2A0BF79C00EDA252 /* Stacks.swift in Sources */,
				476E373A2A0BF2E300EDA252 /* Buttons.swift in Sources */,
				47A7109C2A07D2F600F806C3 /* AppDelegate.swift in Sources */,
				47A710B02A07D3A000F806C3 /* CalculatorView.swift in Sources */,
				47A7109E2A07D2F600F806C3 /* SceneDelegate.swift in Sources */,
				476E37332A0B1AC700EDA252 /* Ext-CalcView-Functions.swift in Sources */,
			);
			runOnlyForDeploymentPostprocessing = 0;
		};
/* End PBXSourcesBuildPhase section */

/* Begin PBXVariantGroup section */
		47A710A62A07D2F600F806C3 /* LaunchScreen.storyboard */ = {
			isa = PBXVariantGroup;
			children = (
				47A710A72A07D2F600F806C3 /* Base */,
			);
			name = LaunchScreen.storyboard;
			sourceTree = "<group>";
		};
/* End PBXVariantGroup section */

/* Begin XCBuildConfiguration section */
		47A710AA2A07D2F600F806C3 /* Debug */ = {
			isa = XCBuildConfiguration;
			buildSettings = {
				ALWAYS_SEARCH_USER_PATHS = NO;
				CLANG_ANALYZER_NONNULL = YES;
				CLANG_ANALYZER_NUMBER_OBJECT_CONVERSION = YES_AGGRESSIVE;
				CLANG_CXX_LANGUAGE_STANDARD = "gnu++20";
				CLANG_ENABLE_MODULES = YES;
				CLANG_ENABLE_OBJC_ARC = YES;
				CLANG_ENABLE_OBJC_WEAK = YES;
				CLANG_WARN_BLOCK_CAPTURE_AUTORELEASING = YES;
				CLANG_WARN_BOOL_CONVERSION = YES;
				CLANG_WARN_COMMA = YES;
				CLANG_WARN_CONSTANT_CONVERSION = YES;
				CLANG_WARN_DEPRECATED_OBJC_IMPLEMENTATIONS = YES;
				CLANG_WARN_DIRECT_OBJC_ISA_USAGE = YES_ERROR;
				CLANG_WARN_DOCUMENTATION_COMMENTS = YES;
				CLANG_WARN_EMPTY_BODY = YES;
				CLANG_WARN_ENUM_CONVERSION = YES;
				CLANG_WARN_INFINITE_RECURSION = YES;
				CLANG_WARN_INT_CONVERSION = YES;
				CLANG_WARN_NON_LITERAL_NULL_CONVERSION = YES;
				CLANG_WARN_OBJC_IMPLICIT_RETAIN_SELF = YES;
				CLANG_WARN_OBJC_LITERAL_CONVERSION = YES;
				CLANG_WARN_OBJC_ROOT_CLASS = YES_ERROR;
				CLANG_WARN_QUOTED_INCLUDE_IN_FRAMEWORK_HEADER = YES;
				CLANG_WARN_RANGE_LOOP_ANALYSIS = YES;
				CLANG_WARN_STRICT_PROTOTYPES = YES;
				CLANG_WARN_SUSPICIOUS_MOVE = YES;
				CLANG_WARN_UNGUARDED_AVAILABILITY = YES_AGGRESSIVE;
				CLANG_WARN_UNREACHABLE_CODE = YES;
				CLANG_WARN__DUPLICATE_METHOD_MATCH = YES;
				COPY_PHASE_STRIP = NO;
				DEBUG_INFORMATION_FORMAT = dwarf;
				ENABLE_STRICT_OBJC_MSGSEND = YES;
				ENABLE_TESTABILITY = YES;
				GCC_C_LANGUAGE_STANDARD = gnu11;
				GCC_DYNAMIC_NO_PIC = NO;
				GCC_NO_COMMON_BLOCKS = YES;
				GCC_OPTIMIZATION_LEVEL = 0;
				GCC_PREPROCESSOR_DEFINITIONS = (
					"DEBUG=1",
					"$(inherited)",
				);
				GCC_WARN_64_TO_32_BIT_CONVERSION = YES;
				GCC_WARN_ABOUT_RETURN_TYPE = YES_ERROR;
				GCC_WARN_UNDECLARED_SELECTOR = YES;
				GCC_WARN_UNINITIALIZED_AUTOS = YES_AGGRESSIVE;
				GCC_WARN_UNUSED_FUNCTION = YES;
				GCC_WARN_UNUSED_VARIABLE = YES;
				IPHONEOS_DEPLOYMENT_TARGET = 16.4;
				MTL_ENABLE_DEBUG_INFO = INCLUDE_SOURCE;
				MTL_FAST_MATH = YES;
				ONLY_ACTIVE_ARCH = YES;
				SDKROOT = iphoneos;
				SWIFT_ACTIVE_COMPILATION_CONDITIONS = DEBUG;
				SWIFT_OPTIMIZATION_LEVEL = "-Onone";
			};
			name = Debug;
		};
		47A710AB2A07D2F600F806C3 /* Release */ = {
			isa = XCBuildConfiguration;
			buildSettings = {
				ALWAYS_SEARCH_USER_PATHS = NO;
				CLANG_ANALYZER_NONNULL = YES;
				CLANG_ANALYZER_NUMBER_OBJECT_CONVERSION = YES_AGGRESSIVE;
				CLANG_CXX_LANGUAGE_STANDARD = "gnu++20";
				CLANG_ENABLE_MODULES = YES;
				CLANG_ENABLE_OBJC_ARC = YES;
				CLANG_ENABLE_OBJC_WEAK = YES;
				CLANG_WARN_BLOCK_CAPTURE_AUTORELEASING = YES;
				CLANG_WARN_BOOL_CONVERSION = YES;
				CLANG_WARN_COMMA = YES;
				CLANG_WARN_CONSTANT_CONVERSION = YES;
				CLANG_WARN_DEPRECATED_OBJC_IMPLEMENTATIONS = YES;
				CLANG_WARN_DIRECT_OBJC_ISA_USAGE = YES_ERROR;
				CLANG_WARN_DOCUMENTATION_COMMENTS = YES;
				CLANG_WARN_EMPTY_BODY = YES;
				CLANG_WARN_ENUM_CONVERSION = YES;
				CLANG_WARN_INFINITE_RECURSION = YES;
				CLANG_WARN_INT_CONVERSION = YES;
				CLANG_WARN_NON_LITERAL_NULL_CONVERSION = YES;
				CLANG_WARN_OBJC_IMPLICIT_RETAIN_SELF = YES;
				CLANG_WARN_OBJC_LITERAL_CONVERSION = YES;
				CLANG_WARN_OBJC_ROOT_CLASS = YES_ERROR;
				CLANG_WARN_QUOTED_INCLUDE_IN_FRAMEWORK_HEADER = YES;
				CLANG_WARN_RANGE_LOOP_ANALYSIS = YES;
				CLANG_WARN_STRICT_PROTOTYPES = YES;
				CLANG_WARN_SUSPICIOUS_MOVE = YES;
				CLANG_WARN_UNGUARDED_AVAILABILITY = YES_AGGRESSIVE;
				CLANG_WARN_UNREACHABLE_CODE = YES;
				CLANG_WARN__DUPLICATE_METHOD_MATCH = YES;
				COPY_PHASE_STRIP = NO;
				DEBUG_INFORMATION_FORMAT = "dwarf-with-dsym";
				ENABLE_NS_ASSERTIONS = NO;
				ENABLE_STRICT_OBJC_MSGSEND = YES;
				GCC_C_LANGUAGE_STANDARD = gnu11;
				GCC_NO_COMMON_BLOCKS = YES;
				GCC_WARN_64_TO_32_BIT_CONVERSION = YES;
				GCC_WARN_ABOUT_RETURN_TYPE = YES_ERROR;
				GCC_WARN_UNDECLARED_SELECTOR = YES;
				GCC_WARN_UNINITIALIZED_AUTOS = YES_AGGRESSIVE;
				GCC_WARN_UNUSED_FUNCTION = YES;
				GCC_WARN_UNUSED_VARIABLE = YES;
				IPHONEOS_DEPLOYMENT_TARGET = 16.4;
				MTL_ENABLE_DEBUG_INFO = NO;
				MTL_FAST_MATH = YES;
				SDKROOT = iphoneos;
				SWIFT_COMPILATION_MODE = wholemodule;
				SWIFT_OPTIMIZATION_LEVEL = "-O";
				VALIDATE_PRODUCT = YES;
			};
			name = Release;
		};
		47A710AD2A07D2F600F806C3 /* Debug */ = {
			isa = XCBuildConfiguration;
			buildSettings = {
				ASSETCATALOG_COMPILER_APPICON_NAME = AppIcon;
				ASSETCATALOG_COMPILER_GLOBAL_ACCENT_COLOR_NAME = AccentColor;
				CODE_SIGN_STYLE = Automatic;
				CURRENT_PROJECT_VERSION = 1;
				DEVELOPMENT_TEAM = RV3XS73HY7;
				GENERATE_INFOPLIST_FILE = YES;
				INFOPLIST_FILE = Programmatic_Calculator/Info.plist;
				INFOPLIST_KEY_UIApplicationSupportsIndirectInputEvents = YES;
				INFOPLIST_KEY_UILaunchStoryboardName = LaunchScreen;
				INFOPLIST_KEY_UISupportedInterfaceOrientations_iPad = "UIInterfaceOrientationPortrait UIInterfaceOrientationPortraitUpsideDown UIInterfaceOrientationLandscapeLeft UIInterfaceOrientationLandscapeRight";
				INFOPLIST_KEY_UISupportedInterfaceOrientations_iPhone = "UIInterfaceOrientationPortrait UIInterfaceOrientationLandscapeLeft UIInterfaceOrientationLandscapeRight";
				LD_RUNPATH_SEARCH_PATHS = (
					"$(inherited)",
					"@executable_path/Frameworks",
				);
				MARKETING_VERSION = 1.0;
				PRODUCT_BUNDLE_IDENTIFIER = "RiveraPavel.Programmatic-Calculator";
				PRODUCT_NAME = "$(TARGET_NAME)";
				SWIFT_EMIT_LOC_STRINGS = YES;
				SWIFT_VERSION = 5.0;
				TARGETED_DEVICE_FAMILY = "1,2";
			};
			name = Debug;
		};
		47A710AE2A07D2F600F806C3 /* Release */ = {
			isa = XCBuildConfiguration;
			buildSettings = {
				ASSETCATALOG_COMPILER_APPICON_NAME = AppIcon;
				ASSETCATALOG_COMPILER_GLOBAL_ACCENT_COLOR_NAME = AccentColor;
				CODE_SIGN_STYLE = Automatic;
				CURRENT_PROJECT_VERSION = 1;
				DEVELOPMENT_TEAM = RV3XS73HY7;
				GENERATE_INFOPLIST_FILE = YES;
				INFOPLIST_FILE = Programmatic_Calculator/Info.plist;
				INFOPLIST_KEY_UIApplicationSupportsIndirectInputEvents = YES;
				INFOPLIST_KEY_UILaunchStoryboardName = LaunchScreen;
				INFOPLIST_KEY_UISupportedInterfaceOrientations_iPad = "UIInterfaceOrientationPortrait UIInterfaceOrientationPortraitUpsideDown UIInterfaceOrientationLandscapeLeft UIInterfaceOrientationLandscapeRight";
				INFOPLIST_KEY_UISupportedInterfaceOrientations_iPhone = "UIInterfaceOrientationPortrait UIInterfaceOrientationLandscapeLeft UIInterfaceOrientationLandscapeRight";
				LD_RUNPATH_SEARCH_PATHS = (
					"$(inherited)",
					"@executable_path/Frameworks",
				);
				MARKETING_VERSION = 1.0;
				PRODUCT_BUNDLE_IDENTIFIER = "RiveraPavel.Programmatic-Calculator";
				PRODUCT_NAME = "$(TARGET_NAME)";
				SWIFT_EMIT_LOC_STRINGS = YES;
				SWIFT_VERSION = 5.0;
				TARGETED_DEVICE_FAMILY = "1,2";
			};
			name = Release;
		};
/* End XCBuildConfiguration section */

/* Begin XCConfigurationList section */
		47A710932A07D2F600F806C3 /* Build configuration list for PBXProject "Programmatic_Calculator" */ = {
			isa = XCConfigurationList;
			buildConfigurations = (
				47A710AA2A07D2F600F806C3 /* Debug */,
				47A710AB2A07D2F600F806C3 /* Release */,
			);
			defaultConfigurationIsVisible = 0;
			defaultConfigurationName = Release;
		};
		47A710AC2A07D2F600F806C3 /* Build configuration list for PBXNativeTarget "Programmatic_Calculator" */ = {
			isa = XCConfigurationList;
			buildConfigurations = (
				47A710AD2A07D2F600F806C3 /* Debug */,
				47A710AE2A07D2F600F806C3 /* Release */,
			);
			defaultConfigurationIsVisible = 0;
			defaultConfigurationName = Release;
		};
/* End XCConfigurationList section */
	};
	rootObject = 47A710902A07D2F600F806C3 /* Project object */;
}
